// !$*UTF8*$!
{
	archiveVersion = 1;
	classes = {
	};
	objectVersion = 56;
	objects = {

/* Begin PBXBuildFile section */
		5128D0B02B49F16B0011B649 /* Model in Resources */ = {isa = PBXBuildFile; fileRef = 5128D0AF2B49F16B0011B649 /* Model */; };
		5128D0B32B49F36A0011B649 /* HomeViewModel.swift in Sources */ = {isa = PBXBuildFile; fileRef = 5128D0B22B49F36A0011B649 /* HomeViewModel.swift */; };
		513E673D29F5E7A200814C01 /* ContactUsView.swift in Sources */ = {isa = PBXBuildFile; fileRef = 51A5B9B629E35FF6001E4311 /* ContactUsView.swift */; };
		513E673E29F5E7AA00814C01 /* GetDirections.swift in Sources */ = {isa = PBXBuildFile; fileRef = 51A5B9BA29E36016001E4311 /* GetDirections.swift */; };
		513E673F29F5E7AD00814C01 /* PageNotFound.swift in Sources */ = {isa = PBXBuildFile; fileRef = 51A5B9BE29E3602F001E4311 /* PageNotFound.swift */; };
		513E674029F5E7B000814C01 /* GetQuote.swift in Sources */ = {isa = PBXBuildFile; fileRef = 51A5B9BC29E36027001E4311 /* GetQuote.swift */; };
		515A517E29C78753008D6287 /* HookahShopApp.swift in Sources */ = {isa = PBXBuildFile; fileRef = 515A517D29C78753008D6287 /* HookahShopApp.swift */; };
		515A518229C78753008D6287 /* Assets.xcassets in Resources */ = {isa = PBXBuildFile; fileRef = 515A518129C78753008D6287 /* Assets.xcassets */; };
		515A518529C78753008D6287 /* Preview Assets.xcassets in Resources */ = {isa = PBXBuildFile; fileRef = 515A518429C78753008D6287 /* Preview Assets.xcassets */; };
		51601F1F2BAF87E9000AE819 /* ContactUsViewModel.swift in Sources */ = {isa = PBXBuildFile; fileRef = 51601F1E2BAF87E9000AE819 /* ContactUsViewModel.swift */; };
		51601F222BAF8830000AE819 /* GetDirectionViewModel.swift in Sources */ = {isa = PBXBuildFile; fileRef = 51601F212BAF8830000AE819 /* GetDirectionViewModel.swift */; };
		51601F252BAF888A000AE819 /* PageNotFoundViewModel.swift in Sources */ = {isa = PBXBuildFile; fileRef = 51601F242BAF888A000AE819 /* PageNotFoundViewModel.swift */; };
		51601F282BAF88D6000AE819 /* GetQuoteViewModel.swift in Sources */ = {isa = PBXBuildFile; fileRef = 51601F272BAF88D6000AE819 /* GetQuoteViewModel.swift */; };
		51A5B9B329D9DEFB001E4311 /* MapKit.framework in Frameworks */ = {isa = PBXBuildFile; fileRef = 51A5B9B229D9DEFB001E4311 /* MapKit.framework */; };
		51A5B9B929E3600B001E4311 /* HomeView.swift in Sources */ = {isa = PBXBuildFile; fileRef = 51A5B9B829E3600B001E4311 /* HomeView.swift */; };
/* End PBXBuildFile section */

/* Begin PBXFileReference section */
		5128D0AF2B49F16B0011B649 /* Model */ = {isa = PBXFileReference; lastKnownFileType = folder; path = Model; sourceTree = "<group>"; };
		5128D0B22B49F36A0011B649 /* HomeViewModel.swift */ = {isa = PBXFileReference; lastKnownFileType = sourcecode.swift; path = HomeViewModel.swift; sourceTree = "<group>"; };
		515A517A29C78753008D6287 /* HookahShop.app */ = {isa = PBXFileReference; explicitFileType = wrapper.application; includeInIndex = 0; path = HookahShop.app; sourceTree = BUILT_PRODUCTS_DIR; };
		515A517D29C78753008D6287 /* HookahShopApp.swift */ = {isa = PBXFileReference; lastKnownFileType = sourcecode.swift; path = HookahShopApp.swift; sourceTree = "<group>"; };
		515A518129C78753008D6287 /* Assets.xcassets */ = {isa = PBXFileReference; lastKnownFileType = folder.assetcatalog; path = Assets.xcassets; sourceTree = "<group>"; };
		515A518429C78753008D6287 /* Preview Assets.xcassets */ = {isa = PBXFileReference; lastKnownFileType = folder.assetcatalog; path = "Preview Assets.xcassets"; sourceTree = "<group>"; };
		515A518629C78753008D6287 /* HookahShop.entitlements */ = {isa = PBXFileReference; lastKnownFileType = text.plist.entitlements; path = HookahShop.entitlements; sourceTree = "<group>"; };
		51601F1E2BAF87E9000AE819 /* ContactUsViewModel.swift */ = {isa = PBXFileReference; lastKnownFileType = sourcecode.swift; path = ContactUsViewModel.swift; sourceTree = "<group>"; };
		51601F212BAF8830000AE819 /* GetDirectionViewModel.swift */ = {isa = PBXFileReference; lastKnownFileType = sourcecode.swift; path = GetDirectionViewModel.swift; sourceTree = "<group>"; };
		51601F242BAF888A000AE819 /* PageNotFoundViewModel.swift */ = {isa = PBXFileReference; lastKnownFileType = sourcecode.swift; path = PageNotFoundViewModel.swift; sourceTree = "<group>"; };
		51601F272BAF88D6000AE819 /* GetQuoteViewModel.swift */ = {isa = PBXFileReference; lastKnownFileType = sourcecode.swift; path = GetQuoteViewModel.swift; sourceTree = "<group>"; };
		51A5B9B229D9DEFB001E4311 /* MapKit.framework */ = {isa = PBXFileReference; lastKnownFileType = wrapper.framework; name = MapKit.framework; path = Platforms/iPhoneOS.platform/Developer/SDKs/iPhoneOS16.2.sdk/System/Library/Frameworks/MapKit.framework; sourceTree = DEVELOPER_DIR; };
		51A5B9B629E35FF6001E4311 /* ContactUsView.swift */ = {isa = PBXFileReference; fileEncoding = 4; lastKnownFileType = sourcecode.swift; path = ContactUsView.swift; sourceTree = "<group>"; };
		51A5B9B829E3600B001E4311 /* HomeView.swift */ = {isa = PBXFileReference; fileEncoding = 4; lastKnownFileType = sourcecode.swift; path = HomeView.swift; sourceTree = "<group>"; };
		51A5B9BA29E36016001E4311 /* GetDirections.swift */ = {isa = PBXFileReference; fileEncoding = 4; lastKnownFileType = sourcecode.swift; path = GetDirections.swift; sourceTree = "<group>"; };
		51A5B9BC29E36027001E4311 /* GetQuote.swift */ = {isa = PBXFileReference; fileEncoding = 4; lastKnownFileType = sourcecode.swift; path = GetQuote.swift; sourceTree = "<group>"; };
		51A5B9BE29E3602F001E4311 /* PageNotFound.swift */ = {isa = PBXFileReference; fileEncoding = 4; lastKnownFileType = sourcecode.swift; path = PageNotFound.swift; sourceTree = "<group>"; };
/* End PBXFileReference section */

/* Begin PBXFrameworksBuildPhase section */
		515A517729C78753008D6287 /* Frameworks */ = {
			isa = PBXFrameworksBuildPhase;
			buildActionMask = 2147483647;
			files = (
				51A5B9B329D9DEFB001E4311 /* MapKit.framework in Frameworks */,
			);
			runOnlyForDeploymentPostprocessing = 0;
		};
/* End PBXFrameworksBuildPhase section */

/* Begin PBXGroup section */
		5128D0B12B49F3190011B649 /* HomeView */ = {
			isa = PBXGroup;
			children = (
				51A5B9B829E3600B001E4311 /* HomeView.swift */,
				5128D0B22B49F36A0011B649 /* HomeViewModel.swift */,
			);
			path = HomeView;
			sourceTree = "<group>";
		};
		515A517129C78753008D6287 = {
			isa = PBXGroup;
			children = (
				515A517C29C78753008D6287 /* HookahShop */,
				515A517B29C78753008D6287 /* Products */,
				51A5B9B129D9DEFB001E4311 /* Frameworks */,
			);
			sourceTree = "<group>";
		};
		515A517B29C78753008D6287 /* Products */ = {
			isa = PBXGroup;
			children = (
				515A517A29C78753008D6287 /* HookahShop.app */,
			);
			name = Products;
			sourceTree = "<group>";
		};
		515A517C29C78753008D6287 /* HookahShop */ = {
			isa = PBXGroup;
			children = (
				51A5B9C029E36046001E4311 /* Views */,
				51CBCE4229D0E654007D9325 /* Utilites */,
				515A517D29C78753008D6287 /* HookahShopApp.swift */,
				515A518129C78753008D6287 /* Assets.xcassets */,
				515A518629C78753008D6287 /* HookahShop.entitlements */,
				5128D0AF2B49F16B0011B649 /* Model */,
				515A518329C78753008D6287 /* Preview Content */,
			);
			path = HookahShop;
			sourceTree = "<group>";
		};
		515A518329C78753008D6287 /* Preview Content */ = {
			isa = PBXGroup;
			children = (
				515A518429C78753008D6287 /* Preview Assets.xcassets */,
			);
			path = "Preview Content";
			sourceTree = "<group>";
		};
		51601F1D2BAF878A000AE819 /* ContactUsView */ = {
			isa = PBXGroup;
			children = (
				51A5B9B629E35FF6001E4311 /* ContactUsView.swift */,
				51601F1E2BAF87E9000AE819 /* ContactUsViewModel.swift */,
			);
			path = ContactUsView;
			sourceTree = "<group>";
		};
		51601F202BAF87F5000AE819 /* GetDirectionsView */ = {
			isa = PBXGroup;
			children = (
				51A5B9BA29E36016001E4311 /* GetDirections.swift */,
				51601F212BAF8830000AE819 /* GetDirectionViewModel.swift */,
			);
			path = GetDirectionsView;
			sourceTree = "<group>";
		};
		51601F232BAF8848000AE819 /* PageNotFoundView */ = {
			isa = PBXGroup;
			children = (
				51A5B9BE29E3602F001E4311 /* PageNotFound.swift */,
				51601F242BAF888A000AE819 /* PageNotFoundViewModel.swift */,
			);
			path = PageNotFoundView;
			sourceTree = "<group>";
		};
		51601F262BAF8899000AE819 /* GetQuoteView */ = {
			isa = PBXGroup;
			children = (
				51A5B9BC29E36027001E4311 /* GetQuote.swift */,
				51601F272BAF88D6000AE819 /* GetQuoteViewModel.swift */,
			);
			path = GetQuoteView;
			sourceTree = "<group>";
		};
		51A5B9B129D9DEFB001E4311 /* Frameworks */ = {
			isa = PBXGroup;
			children = (
				51A5B9B229D9DEFB001E4311 /* MapKit.framework */,
			);
			name = Frameworks;
			sourceTree = "<group>";
		};
		51A5B9C029E36046001E4311 /* Views */ = {
			isa = PBXGroup;
			children = (
				51601F262BAF8899000AE819 /* GetQuoteView */,
				51601F232BAF8848000AE819 /* PageNotFoundView */,
				51601F202BAF87F5000AE819 /* GetDirectionsView */,
				51601F1D2BAF878A000AE819 /* ContactUsView */,
				5128D0B12B49F3190011B649 /* HomeView */,
			);
			path = Views;
			sourceTree = "<group>";
		};
		51CBCE4229D0E654007D9325 /* Utilites */ = {
			isa = PBXGroup;
			children = (
			);
			name = Utilites;
			path = Utilities;
			sourceTree = "<group>";
		};
/* End PBXGroup section */

/* Begin PBXNativeTarget section */
		515A517929C78753008D6287 /* HookahShop */ = {
			isa = PBXNativeTarget;
			buildConfigurationList = 515A518929C78753008D6287 /* Build configuration list for PBXNativeTarget "HookahShop" */;
			buildPhases = (
				515A517629C78753008D6287 /* Sources */,
				515A517729C78753008D6287 /* Frameworks */,
				515A517829C78753008D6287 /* Resources */,
			);
			buildRules = (
			);
			dependencies = (
			);
			name = HookahShop;
			productName = HookahShop;
			productReference = 515A517A29C78753008D6287 /* HookahShop.app */;
			productType = "com.apple.product-type.application";
		};
/* End PBXNativeTarget section */

/* Begin PBXProject section */
		515A517229C78753008D6287 /* Project object */ = {
			isa = PBXProject;
			attributes = {
				BuildIndependentTargetsInParallel = 1;
				LastSwiftUpdateCheck = 1420;
				LastUpgradeCheck = 1420;
				TargetAttributes = {
					515A517929C78753008D6287 = {
						CreatedOnToolsVersion = 14.2;
					};
				};
			};
			buildConfigurationList = 515A517529C78753008D6287 /* Build configuration list for PBXProject "HookahShop" */;
			compatibilityVersion = "Xcode 14.0";
			developmentRegion = en;
			hasScannedForEncodings = 0;
			knownRegions = (
				en,
				Base,
			);
			mainGroup = 515A517129C78753008D6287;
			productRefGroup = 515A517B29C78753008D6287 /* Products */;
			projectDirPath = "";
			projectRoot = "";
			targets = (
				515A517929C78753008D6287 /* HookahShop */,
			);
		};
/* End PBXProject section */

/* Begin PBXResourcesBuildPhase section */
		515A517829C78753008D6287 /* Resources */ = {
			isa = PBXResourcesBuildPhase;
			buildActionMask = 2147483647;
			files = (
				5128D0B02B49F16B0011B649 /* Model in Resources */,
				515A518529C78753008D6287 /* Preview Assets.xcassets in Resources */,
				515A518229C78753008D6287 /* Assets.xcassets in Resources */,
			);
			runOnlyForDeploymentPostprocessing = 0;
		};
/* End PBXResourcesBuildPhase section */

/* Begin PBXSourcesBuildPhase section */
		515A517629C78753008D6287 /* Sources */ = {
			isa = PBXSourcesBuildPhase;
			buildActionMask = 2147483647;
			files = (
				51A5B9B929E3600B001E4311 /* HomeView.swift in Sources */,
				515A517E29C78753008D6287 /* HookahShopApp.swift in Sources */,
				51601F222BAF8830000AE819 /* GetDirectionViewModel.swift in Sources */,
				513E673F29F5E7AD00814C01 /* PageNotFound.swift in Sources */,
				513E673E29F5E7AA00814C01 /* GetDirections.swift in Sources */,
				51601F1F2BAF87E9000AE819 /* ContactUsViewModel.swift in Sources */,
				51601F252BAF888A000AE819 /* PageNotFoundViewModel.swift in Sources */,
				513E673D29F5E7A200814C01 /* ContactUsView.swift in Sources */,
				5128D0B32B49F36A0011B649 /* HomeViewModel.swift in Sources */,
				51601F282BAF88D6000AE819 /* GetQuoteViewModel.swift in Sources */,
				513E674029F5E7B000814C01 /* GetQuote.swift in Sources */,
			);
			runOnlyForDeploymentPostprocessing = 0;
		};
/* End PBXSourcesBuildPhase section */

/* Begin XCBuildConfiguration section */
		515A518729C78753008D6287 /* Debug */ = {
			isa = XCBuildConfiguration;
			buildSettings = {
				ALWAYS_SEARCH_USER_PATHS = NO;
				CLANG_ANALYZER_NONNULL = YES;
				CLANG_ANALYZER_NUMBER_OBJECT_CONVERSION = YES_AGGRESSIVE;
				CLANG_CXX_LANGUAGE_STANDARD = "gnu++20";
				CLANG_ENABLE_MODULES = YES;
				CLANG_ENABLE_OBJC_ARC = YES;
				CLANG_ENABLE_OBJC_WEAK = YES;
				CLANG_WARN_BLOCK_CAPTURE_AUTORELEASING = YES;
				CLANG_WARN_BOOL_CONVERSION = YES;
				CLANG_WARN_COMMA = YES;
				CLANG_WARN_CONSTANT_CONVERSION = YES;
				CLANG_WARN_DEPRECATED_OBJC_IMPLEMENTATIONS = YES;
				CLANG_WARN_DIRECT_OBJC_ISA_USAGE = YES_ERROR;
				CLANG_WARN_DOCUMENTATION_COMMENTS = YES;
				CLANG_WARN_EMPTY_BODY = YES;
				CLANG_WARN_ENUM_CONVERSION = YES;
				CLANG_WARN_INFINITE_RECURSION = YES;
				CLANG_WARN_INT_CONVERSION = YES;
				CLANG_WARN_NON_LITERAL_NULL_CONVERSION = YES;
				CLANG_WARN_OBJC_IMPLICIT_RETAIN_SELF = YES;
				CLANG_WARN_OBJC_LITERAL_CONVERSION = YES;
				CLANG_WARN_OBJC_ROOT_CLASS = YES_ERROR;
				CLANG_WARN_QUOTED_INCLUDE_IN_FRAMEWORK_HEADER = YES;
				CLANG_WARN_RANGE_LOOP_ANALYSIS = YES;
				CLANG_WARN_STRICT_PROTOTYPES = YES;
				CLANG_WARN_SUSPICIOUS_MOVE = YES;
				CLANG_WARN_UNGUARDED_AVAILABILITY = YES_AGGRESSIVE;
				CLANG_WARN_UNREACHABLE_CODE = YES;
				CLANG_WARN__DUPLICATE_METHOD_MATCH = YES;
				COPY_PHASE_STRIP = NO;
				DEBUG_INFORMATION_FORMAT = dwarf;
				ENABLE_STRICT_OBJC_MSGSEND = YES;
				ENABLE_TESTABILITY = YES;
				GCC_C_LANGUAGE_STANDARD = gnu11;
				GCC_DYNAMIC_NO_PIC = NO;
				GCC_NO_COMMON_BLOCKS = YES;
				GCC_OPTIMIZATION_LEVEL = 0;
				GCC_PREPROCESSOR_DEFINITIONS = (
					"DEBUG=1",
					"$(inherited)",
				);
				GCC_WARN_64_TO_32_BIT_CONVERSION = YES;
				GCC_WARN_ABOUT_RETURN_TYPE = YES_ERROR;
				GCC_WARN_UNDECLARED_SELECTOR = YES;
				GCC_WARN_UNINITIALIZED_AUTOS = YES_AGGRESSIVE;
				GCC_WARN_UNUSED_FUNCTION = YES;
				GCC_WARN_UNUSED_VARIABLE = YES;
				IPHONEOS_DEPLOYMENT_TARGET = 16.2;
				MACOSX_DEPLOYMENT_TARGET = 13.1;
				MTL_ENABLE_DEBUG_INFO = INCLUDE_SOURCE;
				MTL_FAST_MATH = YES;
				ONLY_ACTIVE_ARCH = YES;
				SDKROOT = macosx;
				SWIFT_ACTIVE_COMPILATION_CONDITIONS = DEBUG;
				SWIFT_OPTIMIZATION_LEVEL = "-Onone";
			};
			name = Debug;
		};
		515A518829C78753008D6287 /* Release */ = {
			isa = XCBuildConfiguration;
			buildSettings = {
				ALWAYS_SEARCH_USER_PATHS = NO;
				CLANG_ANALYZER_NONNULL = YES;
				CLANG_ANALYZER_NUMBER_OBJECT_CONVERSION = YES_AGGRESSIVE;
				CLANG_CXX_LANGUAGE_STANDARD = "gnu++20";
				CLANG_ENABLE_MODULES = YES;
				CLANG_ENABLE_OBJC_ARC = YES;
				CLANG_ENABLE_OBJC_WEAK = YES;
				CLANG_WARN_BLOCK_CAPTURE_AUTORELEASING = YES;
				CLANG_WARN_BOOL_CONVERSION = YES;
				CLANG_WARN_COMMA = YES;
				CLANG_WARN_CONSTANT_CONVERSION = YES;
				CLANG_WARN_DEPRECATED_OBJC_IMPLEMENTATIONS = YES;
				CLANG_WARN_DIRECT_OBJC_ISA_USAGE = YES_ERROR;
				CLANG_WARN_DOCUMENTATION_COMMENTS = YES;
				CLANG_WARN_EMPTY_BODY = YES;
				CLANG_WARN_ENUM_CONVERSION = YES;
				CLANG_WARN_INFINITE_RECURSION = YES;
				CLANG_WARN_INT_CONVERSION = YES;
				CLANG_WARN_NON_LITERAL_NULL_CONVERSION = YES;
				CLANG_WARN_OBJC_IMPLICIT_RETAIN_SELF = YES;
				CLANG_WARN_OBJC_LITERAL_CONVERSION = YES;
				CLANG_WARN_OBJC_ROOT_CLASS = YES_ERROR;
				CLANG_WARN_QUOTED_INCLUDE_IN_FRAMEWORK_HEADER = YES;
				CLANG_WARN_RANGE_LOOP_ANALYSIS = YES;
				CLANG_WARN_STRICT_PROTOTYPES = YES;
				CLANG_WARN_SUSPICIOUS_MOVE = YES;
				CLANG_WARN_UNGUARDED_AVAILABILITY = YES_AGGRESSIVE;
				CLANG_WARN_UNREACHABLE_CODE = YES;
				CLANG_WARN__DUPLICATE_METHOD_MATCH = YES;
				COPY_PHASE_STRIP = NO;
				DEBUG_INFORMATION_FORMAT = "dwarf-with-dsym";
				ENABLE_NS_ASSERTIONS = NO;
				ENABLE_STRICT_OBJC_MSGSEND = YES;
				GCC_C_LANGUAGE_STANDARD = gnu11;
				GCC_NO_COMMON_BLOCKS = YES;
				GCC_WARN_64_TO_32_BIT_CONVERSION = YES;
				GCC_WARN_ABOUT_RETURN_TYPE = YES_ERROR;
				GCC_WARN_UNDECLARED_SELECTOR = YES;
				GCC_WARN_UNINITIALIZED_AUTOS = YES_AGGRESSIVE;
				GCC_WARN_UNUSED_FUNCTION = YES;
				GCC_WARN_UNUSED_VARIABLE = YES;
				IPHONEOS_DEPLOYMENT_TARGET = 16.2;
				MACOSX_DEPLOYMENT_TARGET = 13.1;
				MTL_ENABLE_DEBUG_INFO = NO;
				MTL_FAST_MATH = YES;
				SDKROOT = macosx;
				SWIFT_COMPILATION_MODE = wholemodule;
				SWIFT_OPTIMIZATION_LEVEL = "-O";
			};
			name = Release;
		};
		515A518A29C78753008D6287 /* Debug */ = {
			isa = XCBuildConfiguration;
			buildSettings = {
				ASSETCATALOG_COMPILER_APPICON_NAME = AppIcon;
				ASSETCATALOG_COMPILER_GLOBAL_ACCENT_COLOR_NAME = AccentColor;
				CODE_SIGN_ENTITLEMENTS = HookahShop/HookahShop.entitlements;
				CODE_SIGN_STYLE = Automatic;
				COMBINE_HIDPI_IMAGES = YES;
				CURRENT_PROJECT_VERSION = 1;
				DEVELOPMENT_ASSET_PATHS = "\"HookahShop/Preview Content\"";
				ENABLE_PREVIEWS = YES;
				GENERATE_INFOPLIST_FILE = YES;
				INFOPLIST_KEY_NSHumanReadableCopyright = "";
				INFOPLIST_KEY_UIStatusBarStyle = "";
				LD_RUNPATH_SEARCH_PATHS = (
					"$(inherited)",
					"@executable_path/../Frameworks",
				);
				MARKETING_VERSION = 1.0;
				PRODUCT_BUNDLE_IDENTIFIER = Codemonkey.HookahShop;
				PRODUCT_NAME = "$(TARGET_NAME)";
				SUPPORTED_PLATFORMS = "iphoneos iphonesimulator";
				SUPPORTS_MACCATALYST = NO;
				SUPPORTS_MAC_DESIGNED_FOR_IPHONE_IPAD = NO;
				SWIFT_EMIT_LOC_STRINGS = YES;
				SWIFT_VERSION = 5.0;
				TARGETED_DEVICE_FAMILY = 1;
			};
			name = Debug;
		};
		515A518B29C78753008D6287 /* Release */ = {
			isa = XCBuildConfiguration;
			buildSettings = {
				ASSETCATALOG_COMPILER_APPICON_NAME = AppIcon;
				ASSETCATALOG_COMPILER_GLOBAL_ACCENT_COLOR_NAME = AccentColor;
				CODE_SIGN_ENTITLEMENTS = HookahShop/HookahShop.entitlements;
				CODE_SIGN_STYLE = Automatic;
				COMBINE_HIDPI_IMAGES = YES;
				CURRENT_PROJECT_VERSION = 1;
				DEVELOPMENT_ASSET_PATHS = "\"HookahShop/Preview Content\"";
				ENABLE_PREVIEWS = YES;
				GENERATE_INFOPLIST_FILE = YES;
				INFOPLIST_KEY_NSHumanReadableCopyright = "";
				INFOPLIST_KEY_UIStatusBarStyle = "";
				LD_RUNPATH_SEARCH_PATHS = (
					"$(inherited)",
					"@executable_path/../Frameworks",
				);
				MARKETING_VERSION = 1.0;
				PRODUCT_BUNDLE_IDENTIFIER = Codemonkey.HookahShop;
				PRODUCT_NAME = "$(TARGET_NAME)";
				SUPPORTED_PLATFORMS = "iphoneos iphonesimulator";
				SUPPORTS_MACCATALYST = NO;
				SUPPORTS_MAC_DESIGNED_FOR_IPHONE_IPAD = NO;
				SWIFT_EMIT_LOC_STRINGS = YES;
				SWIFT_VERSION = 5.0;
				TARGETED_DEVICE_FAMILY = 1;
			};
			name = Release;
		};
/* End XCBuildConfiguration section */

/* Begin XCConfigurationList section */
		515A517529C78753008D6287 /* Build configuration list for PBXProject "HookahShop" */ = {
			isa = XCConfigurationList;
			buildConfigurations = (
				515A518729C78753008D6287 /* Debug */,
				515A518829C78753008D6287 /* Release */,
			);
			defaultConfigurationIsVisible = 0;
			defaultConfigurationName = Release;
		};
		515A518929C78753008D6287 /* Build configuration list for PBXNativeTarget "HookahShop" */ = {
			isa = XCConfigurationList;
			buildConfigurations = (
				515A518A29C78753008D6287 /* Debug */,
				515A518B29C78753008D6287 /* Release */,
			);
			defaultConfigurationIsVisible = 0;
			defaultConfigurationName = Release;
		};
/* End XCConfigurationList section */
	};
	rootObject = 515A517229C78753008D6287 /* Project object */;
}
